// !$*UTF8*$!
{
	archiveVersion = 1;
	classes = {
	};
	objectVersion = 46;
	objects = {

/* Begin PBXBuildFile section */
		0F1852138C359AB56B20F92F /* libPods.a in Frameworks */ = {isa = PBXBuildFile; fileRef = 7470F3B92456314A87CE4D85 /* libPods.a */; };
		39EFD4BE1AD2422000BF28BC /* main.m in Sources */ = {isa = PBXBuildFile; fileRef = 39EFD4BD1AD2422000BF28BC /* main.m */; };
		39EFD4C11AD2422000BF28BC /* AppDelegate.m in Sources */ = {isa = PBXBuildFile; fileRef = 39EFD4C01AD2422000BF28BC /* AppDelegate.m */; };
		39EFD4C41AD2422000BF28BC /* ViewController.m in Sources */ = {isa = PBXBuildFile; fileRef = 39EFD4C31AD2422000BF28BC /* ViewController.m */; };
		39EFD4C71AD2422000BF28BC /* Main.storyboard in Resources */ = {isa = PBXBuildFile; fileRef = 39EFD4C51AD2422000BF28BC /* Main.storyboard */; };
		39EFD4C91AD2422000BF28BC /* Images.xcassets in Resources */ = {isa = PBXBuildFile; fileRef = 39EFD4C81AD2422000BF28BC /* Images.xcassets */; };
		39EFD4CC1AD2422000BF28BC /* LaunchScreen.xib in Resources */ = {isa = PBXBuildFile; fileRef = 39EFD4CA1AD2422000BF28BC /* LaunchScreen.xib */; };
		B23AC84D1B317D0600DCF273 /* phigitalSample_Tests.m in Sources */ = {isa = PBXBuildFile; fileRef = B23AC84C1B317D0600DCF273 /* phigitalSample_Tests.m */; };
		B2F798571B2EDDB900959EC0 /* Phigital iOS SDK Implementation.pdf in Resources */ = {isa = PBXBuildFile; fileRef = B2F798381B2EDDB900959EC0 /* Phigital iOS SDK Implementation.pdf */; };
		B2F798581B2EDDB900959EC0 /* Phigital iOS SDK Quick Start.pdf in Resources */ = {isa = PBXBuildFile; fileRef = B2F798391B2EDDB900959EC0 /* Phigital iOS SDK Quick Start.pdf */; };
		B2F798591B2EDDB900959EC0 /* Media.xcassets in Resources */ = {isa = PBXBuildFile; fileRef = B2F7983B1B2EDDB900959EC0 /* Media.xcassets */; };
		B2F7985A1B2EDDB900959EC0 /* AUP.htm in Resources */ = {isa = PBXBuildFile; fileRef = B2F7983D1B2EDDB900959EC0 /* AUP.htm */; };
		B2F7985B1B2EDDB900959EC0 /* PP.htm in Resources */ = {isa = PBXBuildFile; fileRef = B2F7983E1B2EDDB900959EC0 /* PP.htm */; };
		B2F7985C1B2EDDB900959EC0 /* TOS.htm in Resources */ = {isa = PBXBuildFile; fileRef = B2F7983F1B2EDDB900959EC0 /* TOS.htm */; };
		B2F7985D1B2EDDB900959EC0 /* PhigitalSettings.plist in Resources */ = {isa = PBXBuildFile; fileRef = B2F798411B2EDDB900959EC0 /* PhigitalSettings.plist */; };
		B2F7985E1B2EDDB900959EC0 /* SDKFonts.plist in Resources */ = {isa = PBXBuildFile; fileRef = B2F798421B2EDDB900959EC0 /* SDKFonts.plist */; };
		B2F7985F1B2EDDB900959EC0 /* alertmessage.aiff in Resources */ = {isa = PBXBuildFile; fileRef = B2F798441B2EDDB900959EC0 /* alertmessage.aiff */; };
		B2F798601B2EDDB900959EC0 /* ambience.mp3 in Resources */ = {isa = PBXBuildFile; fileRef = B2F798451B2EDDB900959EC0 /* ambience.mp3 */; };
		B2F798611B2EDDB900959EC0 /* beep-30b.mp3 in Resources */ = {isa = PBXBuildFile; fileRef = B2F798461B2EDDB900959EC0 /* beep-30b.mp3 */; };
		B2F798621B2EDDB900959EC0 /* camera.aac in Resources */ = {isa = PBXBuildFile; fileRef = B2F798471B2EDDB900959EC0 /* camera.aac */; };
		B2F798631B2EDDB900959EC0 /* camera.mp3 in Resources */ = {isa = PBXBuildFile; fileRef = B2F798481B2EDDB900959EC0 /* camera.mp3 */; };
		B2F798641B2EDDB900959EC0 /* code_scanned.aac in Resources */ = {isa = PBXBuildFile; fileRef = B2F798491B2EDDB900959EC0 /* code_scanned.aac */; };
		B2F798651B2EDDB900959EC0 /* code_scanned.mp3 in Resources */ = {isa = PBXBuildFile; fileRef = B2F7984A1B2EDDB900959EC0 /* code_scanned.mp3 */; };
		B2F798661B2EDDB900959EC0 /* mmd_close.aac in Resources */ = {isa = PBXBuildFile; fileRef = B2F7984B1B2EDDB900959EC0 /* mmd_close.aac */; };
		B2F798671B2EDDB900959EC0 /* mmd_open.aac in Resources */ = {isa = PBXBuildFile; fileRef = B2F7984C1B2EDDB900959EC0 /* mmd_open.aac */; };
		B2F798681B2EDDB900959EC0 /* move_back.aac in Resources */ = {isa = PBXBuildFile; fileRef = B2F7984D1B2EDDB900959EC0 /* move_back.aac */; };
		B2F798691B2EDDB900959EC0 /* move_forward.aac in Resources */ = {isa = PBXBuildFile; fileRef = B2F7984E1B2EDDB900959EC0 /* move_forward.aac */; };
		B2F7986A1B2EDDB900959EC0 /* notification.aiff in Resources */ = {isa = PBXBuildFile; fileRef = B2F7984F1B2EDDB900959EC0 /* notification.aiff */; };
		B2F7986B1B2EDDB900959EC0 /* radarping.aiff in Resources */ = {isa = PBXBuildFile; fileRef = B2F798501B2EDDB900959EC0 /* radarping.aiff */; };
		B2F7986C1B2EDDB900959EC0 /* scan.mp3 in Resources */ = {isa = PBXBuildFile; fileRef = B2F798511B2EDDB900959EC0 /* scan.mp3 */; };
		B2F7986D1B2EDDB900959EC0 /* sidebar_close.aac in Resources */ = {isa = PBXBuildFile; fileRef = B2F798521B2EDDB900959EC0 /* sidebar_close.aac */; };
		B2F7986E1B2EDDB900959EC0 /* sidebar_open.aac in Resources */ = {isa = PBXBuildFile; fileRef = B2F798531B2EDDB900959EC0 /* sidebar_open.aac */; };
		B2F7986F1B2EDDB900959EC0 /* tap.aac in Resources */ = {isa = PBXBuildFile; fileRef = B2F798541B2EDDB900959EC0 /* tap.aac */; };
		B2F798701B2EDDB900959EC0 /* Localizable.strings in Resources */ = {isa = PBXBuildFile; fileRef = B2F798561B2EDDB900959EC0 /* Localizable.strings */; };
		B2F798781B2EF90400959EC0 /* WebKit.framework in Frameworks */ = {isa = PBXBuildFile; fileRef = B2F798771B2EF90400959EC0 /* WebKit.framework */; };
/* End PBXBuildFile section */

/* Begin PBXContainerItemProxy section */
		B23AC84E1B317D0600DCF273 /* PBXContainerItemProxy */ = {
			isa = PBXContainerItemProxy;
			containerPortal = 39EFD4B01AD2422000BF28BC /* Project object */;
			proxyType = 1;
			remoteGlobalIDString = 39EFD4B71AD2422000BF28BC;
			remoteInfo = phigitalSample;
		};
/* End PBXContainerItemProxy section */

/* Begin PBXFileReference section */
		39EFD4B81AD2422000BF28BC /* phigitalSample.app */ = {isa = PBXFileReference; explicitFileType = wrapper.application; includeInIndex = 0; path = phigitalSample.app; sourceTree = BUILT_PRODUCTS_DIR; };
		39EFD4BC1AD2422000BF28BC /* Info.plist */ = {isa = PBXFileReference; lastKnownFileType = text.plist.xml; path = Info.plist; sourceTree = "<group>"; };
		39EFD4BD1AD2422000BF28BC /* main.m */ = {isa = PBXFileReference; lastKnownFileType = sourcecode.c.objc; path = main.m; sourceTree = "<group>"; };
		39EFD4BF1AD2422000BF28BC /* AppDelegate.h */ = {isa = PBXFileReference; lastKnownFileType = sourcecode.c.h; path = AppDelegate.h; sourceTree = "<group>"; };
		39EFD4C01AD2422000BF28BC /* AppDelegate.m */ = {isa = PBXFileReference; lastKnownFileType = sourcecode.c.objc; path = AppDelegate.m; sourceTree = "<group>"; };
		39EFD4C21AD2422000BF28BC /* ViewController.h */ = {isa = PBXFileReference; lastKnownFileType = sourcecode.c.h; path = ViewController.h; sourceTree = "<group>"; };
		39EFD4C31AD2422000BF28BC /* ViewController.m */ = {isa = PBXFileReference; lastKnownFileType = sourcecode.c.objc; path = ViewController.m; sourceTree = "<group>"; };
		39EFD4C61AD2422000BF28BC /* Base */ = {isa = PBXFileReference; lastKnownFileType = file.storyboard; name = Base; path = Base.lproj/Main.storyboard; sourceTree = "<group>"; };
		39EFD4C81AD2422000BF28BC /* Images.xcassets */ = {isa = PBXFileReference; lastKnownFileType = folder.assetcatalog; path = Images.xcassets; sourceTree = "<group>"; };
		39EFD4CB1AD2422000BF28BC /* Base */ = {isa = PBXFileReference; lastKnownFileType = file.xib; name = Base; path = Base.lproj/LaunchScreen.xib; sourceTree = "<group>"; };
		542281424179A7459AA1C922 /* Pods.debug.xcconfig */ = {isa = PBXFileReference; includeInIndex = 1; lastKnownFileType = text.xcconfig; name = Pods.debug.xcconfig; path = "Pods/Target Support Files/Pods/Pods.debug.xcconfig"; sourceTree = "<group>"; };
		7470F3B92456314A87CE4D85 /* libPods.a */ = {isa = PBXFileReference; explicitFileType = archive.ar; includeInIndex = 0; path = libPods.a; sourceTree = BUILT_PRODUCTS_DIR; };
		B23AC8481B317D0600DCF273 /* phigitalSample Tests.xctest */ = {isa = PBXFileReference; explicitFileType = wrapper.cfbundle; includeInIndex = 0; path = "phigitalSample Tests.xctest"; sourceTree = BUILT_PRODUCTS_DIR; };
		B23AC84B1B317D0600DCF273 /* Info.plist */ = {isa = PBXFileReference; lastKnownFileType = text.plist.xml; path = Info.plist; sourceTree = "<group>"; };
		B23AC84C1B317D0600DCF273 /* phigitalSample_Tests.m */ = {isa = PBXFileReference; lastKnownFileType = sourcecode.c.objc; path = phigitalSample_Tests.m; sourceTree = "<group>"; };
		B2F798381B2EDDB900959EC0 /* Phigital iOS SDK Implementation.pdf */ = {isa = PBXFileReference; lastKnownFileType = image.pdf; path = "Phigital iOS SDK Implementation.pdf"; sourceTree = "<group>"; };
		B2F798391B2EDDB900959EC0 /* Phigital iOS SDK Quick Start.pdf */ = {isa = PBXFileReference; lastKnownFileType = image.pdf; path = "Phigital iOS SDK Quick Start.pdf"; sourceTree = "<group>"; };
		B2F7983B1B2EDDB900959EC0 /* Media.xcassets */ = {isa = PBXFileReference; lastKnownFileType = folder.assetcatalog; path = Media.xcassets; sourceTree = "<group>"; };
		B2F7983D1B2EDDB900959EC0 /* AUP.htm */ = {isa = PBXFileReference; fileEncoding = 4; lastKnownFileType = text.html; path = AUP.htm; sourceTree = "<group>"; };
		B2F7983E1B2EDDB900959EC0 /* PP.htm */ = {isa = PBXFileReference; fileEncoding = 4; lastKnownFileType = text.html; path = PP.htm; sourceTree = "<group>"; };
		B2F7983F1B2EDDB900959EC0 /* TOS.htm */ = {isa = PBXFileReference; fileEncoding = 4; lastKnownFileType = text.html; path = TOS.htm; sourceTree = "<group>"; };
		B2F798411B2EDDB900959EC0 /* PhigitalSettings.plist */ = {isa = PBXFileReference; fileEncoding = 4; lastKnownFileType = text.plist.xml; path = PhigitalSettings.plist; sourceTree = "<group>"; };
		B2F798421B2EDDB900959EC0 /* SDKFonts.plist */ = {isa = PBXFileReference; fileEncoding = 4; lastKnownFileType = text.plist.xml; path = SDKFonts.plist; sourceTree = "<group>"; };
		B2F798441B2EDDB900959EC0 /* alertmessage.aiff */ = {isa = PBXFileReference; lastKnownFileType = audio.aiff; path = alertmessage.aiff; sourceTree = "<group>"; };
		B2F798451B2EDDB900959EC0 /* ambience.mp3 */ = {isa = PBXFileReference; lastKnownFileType = audio.mp3; path = ambience.mp3; sourceTree = "<group>"; };
		B2F798461B2EDDB900959EC0 /* beep-30b.mp3 */ = {isa = PBXFileReference; lastKnownFileType = audio.mp3; path = "beep-30b.mp3"; sourceTree = "<group>"; };
		B2F798471B2EDDB900959EC0 /* camera.aac */ = {isa = PBXFileReference; lastKnownFileType = file; path = camera.aac; sourceTree = "<group>"; };
		B2F798481B2EDDB900959EC0 /* camera.mp3 */ = {isa = PBXFileReference; lastKnownFileType = audio.mp3; path = camera.mp3; sourceTree = "<group>"; };
		B2F798491B2EDDB900959EC0 /* code_scanned.aac */ = {isa = PBXFileReference; lastKnownFileType = file; path = code_scanned.aac; sourceTree = "<group>"; };
		B2F7984A1B2EDDB900959EC0 /* code_scanned.mp3 */ = {isa = PBXFileReference; lastKnownFileType = audio.mp3; path = code_scanned.mp3; sourceTree = "<group>"; };
		B2F7984B1B2EDDB900959EC0 /* mmd_close.aac */ = {isa = PBXFileReference; lastKnownFileType = file; path = mmd_close.aac; sourceTree = "<group>"; };
		B2F7984C1B2EDDB900959EC0 /* mmd_open.aac */ = {isa = PBXFileReference; lastKnownFileType = file; path = mmd_open.aac; sourceTree = "<group>"; };
		B2F7984D1B2EDDB900959EC0 /* move_back.aac */ = {isa = PBXFileReference; lastKnownFileType = file; path = move_back.aac; sourceTree = "<group>"; };
		B2F7984E1B2EDDB900959EC0 /* move_forward.aac */ = {isa = PBXFileReference; lastKnownFileType = file; path = move_forward.aac; sourceTree = "<group>"; };
		B2F7984F1B2EDDB900959EC0 /* notification.aiff */ = {isa = PBXFileReference; lastKnownFileType = audio.aiff; path = notification.aiff; sourceTree = "<group>"; };
		B2F798501B2EDDB900959EC0 /* radarping.aiff */ = {isa = PBXFileReference; lastKnownFileType = audio.aiff; path = radarping.aiff; sourceTree = "<group>"; };
		B2F798511B2EDDB900959EC0 /* scan.mp3 */ = {isa = PBXFileReference; lastKnownFileType = audio.mp3; path = scan.mp3; sourceTree = "<group>"; };
		B2F798521B2EDDB900959EC0 /* sidebar_close.aac */ = {isa = PBXFileReference; lastKnownFileType = file; path = sidebar_close.aac; sourceTree = "<group>"; };
		B2F798531B2EDDB900959EC0 /* sidebar_open.aac */ = {isa = PBXFileReference; lastKnownFileType = file; path = sidebar_open.aac; sourceTree = "<group>"; };
		B2F798541B2EDDB900959EC0 /* tap.aac */ = {isa = PBXFileReference; lastKnownFileType = file; path = tap.aac; sourceTree = "<group>"; };
		B2F798561B2EDDB900959EC0 /* Localizable.strings */ = {isa = PBXFileReference; fileEncoding = 4; lastKnownFileType = text.plist.strings; path = Localizable.strings; sourceTree = "<group>"; };
		B2F798771B2EF90400959EC0 /* WebKit.framework */ = {isa = PBXFileReference; lastKnownFileType = wrapper.framework; name = WebKit.framework; path = System/Library/Frameworks/WebKit.framework; sourceTree = SDKROOT; };
		E073D669A2B0FEB777D6CAA5 /* Pods.release.xcconfig */ = {isa = PBXFileReference; includeInIndex = 1; lastKnownFileType = text.xcconfig; name = Pods.release.xcconfig; path = "Pods/Target Support Files/Pods/Pods.release.xcconfig"; sourceTree = "<group>"; };
/* End PBXFileReference section */

/* Begin PBXFrameworksBuildPhase section */
		39EFD4B51AD2422000BF28BC /* Frameworks */ = {
			isa = PBXFrameworksBuildPhase;
			buildActionMask = 2147483647;
			files = (
				B2F798781B2EF90400959EC0 /* WebKit.framework in Frameworks */,
				0F1852138C359AB56B20F92F /* libPods.a in Frameworks */,
			);
			runOnlyForDeploymentPostprocessing = 0;
		};
		B23AC8451B317D0600DCF273 /* Frameworks */ = {
			isa = PBXFrameworksBuildPhase;
			buildActionMask = 2147483647;
			files = (
			);
			runOnlyForDeploymentPostprocessing = 0;
		};
/* End PBXFrameworksBuildPhase section */

/* Begin PBXGroup section */
		02ADE4D23666C648844E7709 /* Frameworks */ = {
			isa = PBXGroup;
			children = (
				B2F798771B2EF90400959EC0 /* WebKit.framework */,
				7470F3B92456314A87CE4D85 /* libPods.a */,
			);
			name = Frameworks;
			sourceTree = "<group>";
		};
		39EFD4AF1AD2422000BF28BC = {
			isa = PBXGroup;
			children = (
				B2F798361B2EDDB900959EC0 /* PhigitalSDKResources */,
				39EFD4BA1AD2422000BF28BC /* phigitalSample */,
				B23AC8491B317D0600DCF273 /* phigitalSample Tests */,
				39EFD4B91AD2422000BF28BC /* Products */,
				5E63C3DA00996AA3D51E671B /* Pods */,
				02ADE4D23666C648844E7709 /* Frameworks */,
			);
			sourceTree = "<group>";
		};
		39EFD4B91AD2422000BF28BC /* Products */ = {
			isa = PBXGroup;
			children = (
				39EFD4B81AD2422000BF28BC /* phigitalSample.app */,
				B23AC8481B317D0600DCF273 /* phigitalSample Tests.xctest */,
			);
			name = Products;
			sourceTree = "<group>";
		};
		39EFD4BA1AD2422000BF28BC /* phigitalSample */ = {
			isa = PBXGroup;
			children = (
				39EFD4BF1AD2422000BF28BC /* AppDelegate.h */,
				39EFD4C01AD2422000BF28BC /* AppDelegate.m */,
				39EFD4C21AD2422000BF28BC /* ViewController.h */,
				39EFD4C31AD2422000BF28BC /* ViewController.m */,
				39EFD4C51AD2422000BF28BC /* Main.storyboard */,
				39EFD4C81AD2422000BF28BC /* Images.xcassets */,
				39EFD4CA1AD2422000BF28BC /* LaunchScreen.xib */,
				39EFD4BB1AD2422000BF28BC /* Supporting Files */,
			);
			path = phigitalSample;
			sourceTree = "<group>";
		};
		39EFD4BB1AD2422000BF28BC /* Supporting Files */ = {
			isa = PBXGroup;
			children = (
				39EFD4BC1AD2422000BF28BC /* Info.plist */,
				39EFD4BD1AD2422000BF28BC /* main.m */,
			);
			name = "Supporting Files";
			sourceTree = "<group>";
		};
		5E63C3DA00996AA3D51E671B /* Pods */ = {
			isa = PBXGroup;
			children = (
				542281424179A7459AA1C922 /* Pods.debug.xcconfig */,
				E073D669A2B0FEB777D6CAA5 /* Pods.release.xcconfig */,
			);
			name = Pods;
			sourceTree = "<group>";
		};
		B23AC8491B317D0600DCF273 /* phigitalSample Tests */ = {
			isa = PBXGroup;
			children = (
				B23AC84C1B317D0600DCF273 /* phigitalSample_Tests.m */,
				B23AC84A1B317D0600DCF273 /* Supporting Files */,
			);
			path = "phigitalSample Tests";
			sourceTree = "<group>";
		};
		B23AC84A1B317D0600DCF273 /* Supporting Files */ = {
			isa = PBXGroup;
			children = (
				B23AC84B1B317D0600DCF273 /* Info.plist */,
			);
			name = "Supporting Files";
			sourceTree = "<group>";
		};
		B2F798361B2EDDB900959EC0 /* PhigitalSDKResources */ = {
			isa = PBXGroup;
			children = (
				B2F798371B2EDDB900959EC0 /* Documentation */,
				B2F7983A1B2EDDB900959EC0 /* Images */,
				B2F7983C1B2EDDB900959EC0 /* Legal */,
				B2F798401B2EDDB900959EC0 /* Settings */,
				B2F798431B2EDDB900959EC0 /* Sounds */,
				B2F798551B2EDDB900959EC0 /* Strings */,
			);
			path = PhigitalSDKResources;
			sourceTree = "<group>";
		};
		B2F798371B2EDDB900959EC0 /* Documentation */ = {
			isa = PBXGroup;
			children = (
				B2F798381B2EDDB900959EC0 /* Phigital iOS SDK Implementation.pdf */,
				B2F798391B2EDDB900959EC0 /* Phigital iOS SDK Quick Start.pdf */,
			);
			path = Documentation;
			sourceTree = "<group>";
		};
		B2F7983A1B2EDDB900959EC0 /* Images */ = {
			isa = PBXGroup;
			children = (
				B2F7983B1B2EDDB900959EC0 /* Media.xcassets */,
			);
			name = Images;
			path = en.lproj/Images;
			sourceTree = "<group>";
		};
		B2F7983C1B2EDDB900959EC0 /* Legal */ = {
			isa = PBXGroup;
			children = (
				B2F7983D1B2EDDB900959EC0 /* AUP.htm */,
				B2F7983E1B2EDDB900959EC0 /* PP.htm */,
				B2F7983F1B2EDDB900959EC0 /* TOS.htm */,
			);
			name = Legal;
			path = en.lproj/Legal;
			sourceTree = "<group>";
		};
		B2F798401B2EDDB900959EC0 /* Settings */ = {
			isa = PBXGroup;
			children = (
				B2F798411B2EDDB900959EC0 /* PhigitalSettings.plist */,
				B2F798421B2EDDB900959EC0 /* SDKFonts.plist */,
			);
			name = Settings;
			path = en.lproj/Settings;
			sourceTree = "<group>";
		};
		B2F798431B2EDDB900959EC0 /* Sounds */ = {
			isa = PBXGroup;
			children = (
				B2F798441B2EDDB900959EC0 /* alertmessage.aiff */,
				B2F798451B2EDDB900959EC0 /* ambience.mp3 */,
				B2F798461B2EDDB900959EC0 /* beep-30b.mp3 */,
				B2F798471B2EDDB900959EC0 /* camera.aac */,
				B2F798481B2EDDB900959EC0 /* camera.mp3 */,
				B2F798491B2EDDB900959EC0 /* code_scanned.aac */,
				B2F7984A1B2EDDB900959EC0 /* code_scanned.mp3 */,
				B2F7984B1B2EDDB900959EC0 /* mmd_close.aac */,
				B2F7984C1B2EDDB900959EC0 /* mmd_open.aac */,
				B2F7984D1B2EDDB900959EC0 /* move_back.aac */,
				B2F7984E1B2EDDB900959EC0 /* move_forward.aac */,
				B2F7984F1B2EDDB900959EC0 /* notification.aiff */,
				B2F798501B2EDDB900959EC0 /* radarping.aiff */,
				B2F798511B2EDDB900959EC0 /* scan.mp3 */,
				B2F798521B2EDDB900959EC0 /* sidebar_close.aac */,
				B2F798531B2EDDB900959EC0 /* sidebar_open.aac */,
				B2F798541B2EDDB900959EC0 /* tap.aac */,
			);
			name = Sounds;
			path = en.lproj/Sounds;
			sourceTree = "<group>";
		};
		B2F798551B2EDDB900959EC0 /* Strings */ = {
			isa = PBXGroup;
			children = (
				B2F798561B2EDDB900959EC0 /* Localizable.strings */,
			);
			name = Strings;
			path = en.lproj/Strings;
			sourceTree = "<group>";
		};
/* End PBXGroup section */

/* Begin PBXNativeTarget section */
		39EFD4B71AD2422000BF28BC /* phigitalSample */ = {
			isa = PBXNativeTarget;
			buildConfigurationList = 39EFD4DB1AD2422000BF28BC /* Build configuration list for PBXNativeTarget "phigitalSample" */;
			buildPhases = (
				0081B2135F9A90320DAE10EA /* Check Pods Manifest.lock */,
				39EFD4B41AD2422000BF28BC /* Sources */,
				39EFD4B51AD2422000BF28BC /* Frameworks */,
				39EFD4B61AD2422000BF28BC /* Resources */,
				B19B558FDE9F86DFF2885FA9 /* Copy Pods Resources */,
			);
			buildRules = (
			);
			dependencies = (
			);
			name = phigitalSample;
			productName = phigitalSample;
			productReference = 39EFD4B81AD2422000BF28BC /* phigitalSample.app */;
			productType = "com.apple.product-type.application";
		};
		B23AC8471B317D0600DCF273 /* phigitalSample Tests */ = {
			isa = PBXNativeTarget;
			buildConfigurationList = B23AC8521B317D0600DCF273 /* Build configuration list for PBXNativeTarget "phigitalSample Tests" */;
			buildPhases = (
				B23AC8441B317D0600DCF273 /* Sources */,
				B23AC8451B317D0600DCF273 /* Frameworks */,
				B23AC8461B317D0600DCF273 /* Resources */,
			);
			buildRules = (
			);
			dependencies = (
				B23AC84F1B317D0600DCF273 /* PBXTargetDependency */,
			);
			name = "phigitalSample Tests";
			productName = "phigitalSample Tests";
			productReference = B23AC8481B317D0600DCF273 /* phigitalSample Tests.xctest */;
			productType = "com.apple.product-type.bundle.unit-test";
		};
/* End PBXNativeTarget section */

/* Begin PBXProject section */
		39EFD4B01AD2422000BF28BC /* Project object */ = {
			isa = PBXProject;
			attributes = {
				LastUpgradeCheck = 0620;
				ORGANIZATIONNAME = phigital;
				TargetAttributes = {
					39EFD4B71AD2422000BF28BC = {
						CreatedOnToolsVersion = 6.2;
					};
					B23AC8471B317D0600DCF273 = {
						CreatedOnToolsVersion = 6.2;
						TestTargetID = 39EFD4B71AD2422000BF28BC;
					};
				};
			};
			buildConfigurationList = 39EFD4B31AD2422000BF28BC /* Build configuration list for PBXProject "phigitalSample" */;
			compatibilityVersion = "Xcode 3.2";
			developmentRegion = English;
			hasScannedForEncodings = 0;
			knownRegions = (
				en,
				Base,
			);
			mainGroup = 39EFD4AF1AD2422000BF28BC;
			productRefGroup = 39EFD4B91AD2422000BF28BC /* Products */;
			projectDirPath = "";
			projectRoot = "";
			targets = (
				39EFD4B71AD2422000BF28BC /* phigitalSample */,
				B23AC8471B317D0600DCF273 /* phigitalSample Tests */,
			);
		};
/* End PBXProject section */

/* Begin PBXResourcesBuildPhase section */
		39EFD4B61AD2422000BF28BC /* Resources */ = {
			isa = PBXResourcesBuildPhase;
			buildActionMask = 2147483647;
			files = (
				B2F7986E1B2EDDB900959EC0 /* sidebar_open.aac in Resources */,
				B2F798571B2EDDB900959EC0 /* Phigital iOS SDK Implementation.pdf in Resources */,
				B2F7986D1B2EDDB900959EC0 /* sidebar_close.aac in Resources */,
				B2F798681B2EDDB900959EC0 /* move_back.aac in Resources */,
				B2F798631B2EDDB900959EC0 /* camera.mp3 in Resources */,
				B2F798671B2EDDB900959EC0 /* mmd_open.aac in Resources */,
				39EFD4C71AD2422000BF28BC /* Main.storyboard in Resources */,
				B2F7986A1B2EDDB900959EC0 /* notification.aiff in Resources */,
				39EFD4CC1AD2422000BF28BC /* LaunchScreen.xib in Resources */,
				B2F7985C1B2EDDB900959EC0 /* TOS.htm in Resources */,
				B2F798621B2EDDB900959EC0 /* camera.aac in Resources */,
				B2F798581B2EDDB900959EC0 /* Phigital iOS SDK Quick Start.pdf in Resources */,
				B2F7985E1B2EDDB900959EC0 /* SDKFonts.plist in Resources */,
				B2F798651B2EDDB900959EC0 /* code_scanned.mp3 in Resources */,
				B2F7985F1B2EDDB900959EC0 /* alertmessage.aiff in Resources */,
				B2F7985A1B2EDDB900959EC0 /* AUP.htm in Resources */,
				B2F798641B2EDDB900959EC0 /* code_scanned.aac in Resources */,
				B2F798691B2EDDB900959EC0 /* move_forward.aac in Resources */,
				B2F7985B1B2EDDB900959EC0 /* PP.htm in Resources */,
				B2F798601B2EDDB900959EC0 /* ambience.mp3 in Resources */,
				B2F7986B1B2EDDB900959EC0 /* radarping.aiff in Resources */,
				B2F798661B2EDDB900959EC0 /* mmd_close.aac in Resources */,
				B2F798701B2EDDB900959EC0 /* Localizable.strings in Resources */,
				B2F798611B2EDDB900959EC0 /* beep-30b.mp3 in Resources */,
				B2F7986F1B2EDDB900959EC0 /* tap.aac in Resources */,
				B2F7986C1B2EDDB900959EC0 /* scan.mp3 in Resources */,
				B2F798591B2EDDB900959EC0 /* Media.xcassets in Resources */,
				39EFD4C91AD2422000BF28BC /* Images.xcassets in Resources */,
				B2F7985D1B2EDDB900959EC0 /* PhigitalSettings.plist in Resources */,
			);
			runOnlyForDeploymentPostprocessing = 0;
		};
		B23AC8461B317D0600DCF273 /* Resources */ = {
			isa = PBXResourcesBuildPhase;
			buildActionMask = 2147483647;
			files = (
			);
			runOnlyForDeploymentPostprocessing = 0;
		};
/* End PBXResourcesBuildPhase section */

/* Begin PBXShellScriptBuildPhase section */
		0081B2135F9A90320DAE10EA /* Check Pods Manifest.lock */ = {
			isa = PBXShellScriptBuildPhase;
			buildActionMask = 2147483647;
			files = (
			);
			inputPaths = (
			);
			name = "Check Pods Manifest.lock";
			outputPaths = (
			);
			runOnlyForDeploymentPostprocessing = 0;
			shellPath = /bin/sh;
			shellScript = "diff \"${PODS_ROOT}/../Podfile.lock\" \"${PODS_ROOT}/Manifest.lock\" > /dev/null\nif [[ $? != 0 ]] ; then\n    cat << EOM\nerror: The sandbox is not in sync with the Podfile.lock. Run 'pod install' or update your CocoaPods installation.\nEOM\n    exit 1\nfi\n";
			showEnvVarsInLog = 0;
		};
		B19B558FDE9F86DFF2885FA9 /* Copy Pods Resources */ = {
			isa = PBXShellScriptBuildPhase;
			buildActionMask = 2147483647;
			files = (
			);
			inputPaths = (
			);
			name = "Copy Pods Resources";
			outputPaths = (
			);
			runOnlyForDeploymentPostprocessing = 0;
			shellPath = /bin/sh;
			shellScript = "\"${SRCROOT}/Pods/Target Support Files/Pods/Pods-resources.sh\"\n";
			showEnvVarsInLog = 0;
		};
/* End PBXShellScriptBuildPhase section */

/* Begin PBXSourcesBuildPhase section */
		39EFD4B41AD2422000BF28BC /* Sources */ = {
			isa = PBXSourcesBuildPhase;
			buildActionMask = 2147483647;
			files = (
				39EFD4C41AD2422000BF28BC /* ViewController.m in Sources */,
				39EFD4C11AD2422000BF28BC /* AppDelegate.m in Sources */,
				39EFD4BE1AD2422000BF28BC /* main.m in Sources */,
			);
			runOnlyForDeploymentPostprocessing = 0;
		};
		B23AC8441B317D0600DCF273 /* Sources */ = {
			isa = PBXSourcesBuildPhase;
			buildActionMask = 2147483647;
			files = (
				B23AC84D1B317D0600DCF273 /* phigitalSample_Tests.m in Sources */,
			);
			runOnlyForDeploymentPostprocessing = 0;
		};
/* End PBXSourcesBuildPhase section */

/* Begin PBXTargetDependency section */
		B23AC84F1B317D0600DCF273 /* PBXTargetDependency */ = {
			isa = PBXTargetDependency;
			target = 39EFD4B71AD2422000BF28BC /* phigitalSample */;
			targetProxy = B23AC84E1B317D0600DCF273 /* PBXContainerItemProxy */;
		};
/* End PBXTargetDependency section */

/* Begin PBXVariantGroup section */
		39EFD4C51AD2422000BF28BC /* Main.storyboard */ = {
			isa = PBXVariantGroup;
			children = (
				39EFD4C61AD2422000BF28BC /* Base */,
			);
			name = Main.storyboard;
			sourceTree = "<group>";
		};
		39EFD4CA1AD2422000BF28BC /* LaunchScreen.xib */ = {
			isa = PBXVariantGroup;
			children = (
				39EFD4CB1AD2422000BF28BC /* Base */,
			);
			name = LaunchScreen.xib;
			sourceTree = "<group>";
		};
/* End PBXVariantGroup section */

/* Begin XCBuildConfiguration section */
		39EFD4D91AD2422000BF28BC /* Debug */ = {
			isa = XCBuildConfiguration;
			baseConfigurationReference = 542281424179A7459AA1C922 /* Pods.debug.xcconfig */;
			buildSettings = {
				ALWAYS_SEARCH_USER_PATHS = NO;
				CLANG_CXX_LANGUAGE_STANDARD = "gnu++0x";
				CLANG_CXX_LIBRARY = "libc++";
				CLANG_ENABLE_MODULES = YES;
				CLANG_ENABLE_OBJC_ARC = YES;
				CLANG_WARN_BOOL_CONVERSION = YES;
				CLANG_WARN_CONSTANT_CONVERSION = YES;
				CLANG_WARN_DIRECT_OBJC_ISA_USAGE = YES_ERROR;
				CLANG_WARN_EMPTY_BODY = YES;
				CLANG_WARN_ENUM_CONVERSION = YES;
				CLANG_WARN_INT_CONVERSION = YES;
				CLANG_WARN_OBJC_ROOT_CLASS = YES_ERROR;
				CLANG_WARN_UNREACHABLE_CODE = YES;
				CLANG_WARN__DUPLICATE_METHOD_MATCH = YES;
				"CODE_SIGN_IDENTITY[sdk=iphoneos*]" = "iPhone Developer";
				COPY_PHASE_STRIP = NO;
				ENABLE_STRICT_OBJC_MSGSEND = YES;
				GCC_C_LANGUAGE_STANDARD = gnu99;
				GCC_DYNAMIC_NO_PIC = NO;
				GCC_OPTIMIZATION_LEVEL = 0;
				GCC_PREPROCESSOR_DEFINITIONS = (
					"DEBUG=1",
					"$(inherited)",
				);
				GCC_SYMBOLS_PRIVATE_EXTERN = NO;
				GCC_WARN_64_TO_32_BIT_CONVERSION = YES;
				GCC_WARN_ABOUT_RETURN_TYPE = YES_ERROR;
				GCC_WARN_UNDECLARED_SELECTOR = YES;
				GCC_WARN_UNINITIALIZED_AUTOS = YES_AGGRESSIVE;
				GCC_WARN_UNUSED_FUNCTION = YES;
				GCC_WARN_UNUSED_VARIABLE = YES;
				IPHONEOS_DEPLOYMENT_TARGET = 8.2;
				MTL_ENABLE_DEBUG_INFO = YES;
				ONLY_ACTIVE_ARCH = YES;
				SDKROOT = iphoneos;
			};
			name = Debug;
		};
		39EFD4DA1AD2422000BF28BC /* Release */ = {
			isa = XCBuildConfiguration;
			baseConfigurationReference = E073D669A2B0FEB777D6CAA5 /* Pods.release.xcconfig */;
			buildSettings = {
				ALWAYS_SEARCH_USER_PATHS = NO;
				CLANG_CXX_LANGUAGE_STANDARD = "gnu++0x";
				CLANG_CXX_LIBRARY = "libc++";
				CLANG_ENABLE_MODULES = YES;
				CLANG_ENABLE_OBJC_ARC = YES;
				CLANG_WARN_BOOL_CONVERSION = YES;
				CLANG_WARN_CONSTANT_CONVERSION = YES;
				CLANG_WARN_DIRECT_OBJC_ISA_USAGE = YES_ERROR;
				CLANG_WARN_EMPTY_BODY = YES;
				CLANG_WARN_ENUM_CONVERSION = YES;
				CLANG_WARN_INT_CONVERSION = YES;
				CLANG_WARN_OBJC_ROOT_CLASS = YES_ERROR;
				CLANG_WARN_UNREACHABLE_CODE = YES;
				CLANG_WARN__DUPLICATE_METHOD_MATCH = YES;
				"CODE_SIGN_IDENTITY[sdk=iphoneos*]" = "iPhone Developer";
				COPY_PHASE_STRIP = NO;
				ENABLE_NS_ASSERTIONS = NO;
				ENABLE_STRICT_OBJC_MSGSEND = YES;
				GCC_C_LANGUAGE_STANDARD = gnu99;
				GCC_WARN_64_TO_32_BIT_CONVERSION = YES;
				GCC_WARN_ABOUT_RETURN_TYPE = YES_ERROR;
				GCC_WARN_UNDECLARED_SELECTOR = YES;
				GCC_WARN_UNINITIALIZED_AUTOS = YES_AGGRESSIVE;
				GCC_WARN_UNUSED_FUNCTION = YES;
				GCC_WARN_UNUSED_VARIABLE = YES;
				IPHONEOS_DEPLOYMENT_TARGET = 8.2;
				MTL_ENABLE_DEBUG_INFO = NO;
				SDKROOT = iphoneos;
				VALIDATE_PRODUCT = YES;
			};
			name = Release;
		};
		39EFD4DC1AD2422000BF28BC /* Debug */ = {
			isa = XCBuildConfiguration;
			baseConfigurationReference = 542281424179A7459AA1C922 /* Pods.debug.xcconfig */;
			buildSettings = {
				ASSETCATALOG_COMPILER_APPICON_NAME = AppIcon;
				FRAMEWORK_SEARCH_PATHS = (
					"$(inherited)",
					"$(PROJECT_DIR)/Pods/PhigitalSDK/PhigitalSDK",
				);
				INFOPLIST_FILE = phigitalSample/Info.plist;
				IPHONEOS_DEPLOYMENT_TARGET = 8.0;
				LD_RUNPATH_SEARCH_PATHS = "$(inherited) @executable_path/Frameworks";
				PRODUCT_NAME = "$(TARGET_NAME)";
			};
			name = Debug;
		};
		39EFD4DD1AD2422000BF28BC /* Release */ = {
			isa = XCBuildConfiguration;
			baseConfigurationReference = E073D669A2B0FEB777D6CAA5 /* Pods.release.xcconfig */;
			buildSettings = {
				ASSETCATALOG_COMPILER_APPICON_NAME = AppIcon;
				FRAMEWORK_SEARCH_PATHS = (
					"$(inherited)",
					"$(PROJECT_DIR)/Pods/PhigitalSDK/PhigitalSDK",
				);
				INFOPLIST_FILE = phigitalSample/Info.plist;
				IPHONEOS_DEPLOYMENT_TARGET = 8.0;
				LD_RUNPATH_SEARCH_PATHS = "$(inherited) @executable_path/Frameworks";
				PRODUCT_NAME = "$(TARGET_NAME)";
			};
			name = Release;
		};
		B23AC8501B317D0600DCF273 /* Debug */ = {
			isa = XCBuildConfiguration;
			buildSettings = {
				BUNDLE_LOADER = "$(TEST_HOST)";
				FRAMEWORK_SEARCH_PATHS = (
					"$(SDKROOT)/Developer/Library/Frameworks",
					"$(inherited)",
				);
				GCC_PREPROCESSOR_DEFINITIONS = (
					"DEBUG=1",
					"$(inherited)",
				);
				INFOPLIST_FILE = "phigitalSample Tests/Info.plist";
				LD_RUNPATH_SEARCH_PATHS = "$(inherited) @executable_path/Frameworks @loader_path/Frameworks";
				PRODUCT_NAME = "$(TARGET_NAME)";
				TEST_HOST = "$(BUILT_PRODUCTS_DIR)/phigitalSample.app/phigitalSample";
			};
			name = Debug;
		};
		B23AC8511B317D0600DCF273 /* Release */ = {
			isa = XCBuildConfiguration;
			buildSettings = {
				BUNDLE_LOADER = "$(TEST_HOST)";
				FRAMEWORK_SEARCH_PATHS = (
					"$(SDKROOT)/Developer/Library/Frameworks",
					"$(inherited)",
				);
				INFOPLIST_FILE = "phigitalSample Tests/Info.plist";
				LD_RUNPATH_SEARCH_PATHS = "$(inherited) @executable_path/Frameworks @loader_path/Frameworks";
				PRODUCT_NAME = "$(TARGET_NAME)";
				TEST_HOST = "$(BUILT_PRODUCTS_DIR)/phigitalSample.app/phigitalSample";
			};
			name = Release;
		};
/* End XCBuildConfiguration section */

/* Begin XCConfigurationList section */
		39EFD4B31AD2422000BF28BC /* Build configuration list for PBXProject "phigitalSample" */ = {
			isa = XCConfigurationList;
			buildConfigurations = (
				39EFD4D91AD2422000BF28BC /* Debug */,
				39EFD4DA1AD2422000BF28BC /* Release */,
			);
			defaultConfigurationIsVisible = 0;
			defaultConfigurationName = Release;
		};
		39EFD4DB1AD2422000BF28BC /* Build configuration list for PBXNativeTarget "phigitalSample" */ = {
			isa = XCConfigurationList;
			buildConfigurations = (
				39EFD4DC1AD2422000BF28BC /* Debug */,
				39EFD4DD1AD2422000BF28BC /* Release */,
			);
			defaultConfigurationIsVisible = 0;
			defaultConfigurationName = Release;
		};
		B23AC8521B317D0600DCF273 /* Build configuration list for PBXNativeTarget "phigitalSample Tests" */ = {
			isa = XCConfigurationList;
			buildConfigurations = (
				B23AC8501B317D0600DCF273 /* Debug */,
				B23AC8511B317D0600DCF273 /* Release */,
			);
			defaultConfigurationIsVisible = 0;
		};
/* End XCConfigurationList section */
	};
	rootObject = 39EFD4B01AD2422000BF28BC /* Project object */;
}
